
Microsoft Visual Studio Solution File, Format Version 12.00
# Visual Studio Version 16
VisualStudioVersion = 16.0.29806.167
MinimumVisualStudioVersion = 10.0.40219.1
Project("{FAE04EC0-301F-11D3-BF4B-00C04F79EFBC}") = "Izpitna tema 8 Algoritmi i str ot danni", "Izpitna tema 8 Algoritmi i str ot danni\Izpitna tema 8 Algoritmi i str ot danni.csproj", "{A0782E95-B167-42B9-B328-D1D8DDEFE9EC}"
EndProject
Global
	GlobalSection(SolutionConfigurationPlatforms) = preSolution
		Debug|Any CPU = Debug|Any CPU
		Release|Any CPU = Release|Any CPU
	EndGlobalSection
	GlobalSection(ProjectConfigurationPlatforms) = postSolution
		{A0782E95-B167-42B9-B328-D1D8DDEFE9EC}.Debug|Any CPU.ActiveCfg = Debug|Any CPU
		{A0782E95-B167-42B9-B328-D1D8DDEFE9EC}.Debug|Any CPU.Build.0 = Debug|Any CPU
		{A0782E95-B167-42B9-B328-D1D8DDEFE9EC}.Release|Any CPU.ActiveCfg = Release|Any CPU
		{A0782E95-B167-42B9-B328-D1D8DDEFE9EC}.Release|Any CPU.Build.0 = Release|Any CPU
	EndGlobalSection
	GlobalSection(SolutionProperties) = preSolution
		HideSolutionNode = FALSE
	EndGlobalSection
	GlobalSection(ExtensibilityGlobals) = postSolution
		SolutionGuid = {8EC6492B-A9DB-438D-AC7C-A39F28AB1937}
	EndGlobalSection
EndGlobal
